
Microsoft Visual Studio Solution File, Format Version 12.00
# Visual Studio 15
VisualStudioVersion = 15.0.27130.2010
MinimumVisualStudioVersion = 10.0.40219.1
Project("{FAE04EC0-301F-11D3-BF4B-00C04F79EFBC}") = "FlyingParrot", "FlyingParrot\FlyingParrot.csproj", "{46904EB7-0925-43F2-BCD1-CCCAA9310118}"
EndProject
Global
	GlobalSection(SolutionConfigurationPlatforms) = preSolution
		Debug|Any CPU = Debug|Any CPU
		Release|Any CPU = Release|Any CPU
	EndGlobalSection
	GlobalSection(ProjectConfigurationPlatforms) = postSolution
		{46904EB7-0925-43F2-BCD1-CCCAA9310118}.Debug|Any CPU.ActiveCfg = Debug|Any CPU
		{46904EB7-0925-43F2-BCD1-CCCAA9310118}.Debug|Any CPU.Build.0 = Debug|Any CPU
		{46904EB7-0925-43F2-BCD1-CCCAA9310118}.Release|Any CPU.ActiveCfg = Release|Any CPU
		{46904EB7-0925-43F2-BCD1-CCCAA9310118}.Release|Any CPU.Build.0 = Release|Any CPU
	EndGlobalSection
	GlobalSection(SolutionProperties) = preSolution
		HideSolutionNode = FALSE
	EndGlobalSection
	GlobalSection(ExtensibilityGlobals) = postSolution
		SolutionGuid = {8F434F89-E85F-4EE5-BA0D-F5C6CEBB9A14}
	EndGlobalSection
EndGlobal
